{
  "name": "baletheus",
  "version": "0.0.1",
  "lockfileVersion": 1,
  "requires": true,
  "dependencies": {
    "@babel/runtime": {
      "version": "7.21.5",
      "resolved": "https://registry.npmjs.org/@babel/runtime/-/runtime-7.21.5.tgz",
      "integrity": "sha512-8jI69toZqqcsnqGGqwGS4Qb1VwLOEp4hz+CXPywcvjs60u3B4Pom/U/7rm4W8tMOYEB+E9wgD0mW1l3r8qlI9Q==",
      "requires": {
        "regenerator-runtime": "^0.13.11"
      }
    },
    "@balena/es-version": {
      "version": "1.0.2",
      "resolved": "https://registry.npmjs.org/@balena/es-version/-/es-version-1.0.2.tgz",
      "integrity": "sha512-hoYEg44i27yyw1Rv+j07O2vBjK5dMsbgb6ktsPz8czxS7R0wm3tAC6h+0ump13UxMK4l3MaAbb1EGIIRM/f9ig=="
    },
    "@balena/node-web-streams": {
      "version": "0.2.4",
      "resolved": "https://registry.npmjs.org/@balena/node-web-streams/-/node-web-streams-0.2.4.tgz",
      "integrity": "sha512-Q9By3GPzANMZuf1i5i7Agyh6BUe6tTa+VCCZzsFzU32iXMcuDRXYHbNIKESrcjVXxiZScPB4u++WPw4LRyK1Gg==",
      "requires": {
        "is-stream": "^1.1.0",
        "web-streams-polyfill": "^3.1.0"
      }
    },
    "@resin.io/types-hidepath": {
      "version": "1.0.1",
      "resolved": "https://registry.npmjs.org/@resin.io/types-hidepath/-/types-hidepath-1.0.1.tgz",
      "integrity": "sha512-vCkbD1JkNRMFxeo6GzTdCbxYmhK4V88OYkOVCRfyoSSfnlpSkv1+eLbCCi+PJz+zggjbjnve9ATltcWZB2jLXw=="
    },
    "@resin.io/types-home-or-tmp": {
      "version": "3.0.0",
      "resolved": "https://registry.npmjs.org/@resin.io/types-home-or-tmp/-/types-home-or-tmp-3.0.0.tgz",
      "integrity": "sha512-L7ylYuqD2DdKoJJxiPaC9UO+xNC4cALTUtVVI9e8WR2zQyOCqrj3j0PJGgi2ncqaBZsjAfYaDXfsXwprcPzwxQ=="
    },
    "@types/js-yaml": {
      "version": "3.11.1",
      "resolved": "https://registry.npmjs.org/@types/js-yaml/-/js-yaml-3.11.1.tgz",
      "integrity": "sha512-M5qhhfuTt4fwHGqqANNQilp3Htb5cHwBxlMHDUw/TYRVkEp3s3IIFSH3Fe9HIAeEtnO4p3SSowLmCVavdRYfpw=="
    },
    "@types/json-schema": {
      "version": "7.0.11",
      "resolved": "https://registry.npmjs.org/@types/json-schema/-/json-schema-7.0.11.tgz",
      "integrity": "sha512-wOuvG1SN4Us4rez+tylwwwCV1psiNVOkJeM3AUWUNWg/jDQY2+HE/444y5gc+jBmRqASOm2Oeh5c1axHobwRKQ=="
    },
    "@types/jwt-decode": {
      "version": "2.2.1",
      "resolved": "https://registry.npmjs.org/@types/jwt-decode/-/jwt-decode-2.2.1.tgz",
      "integrity": "sha512-aWw2YTtAdT7CskFyxEX2K21/zSDStuf/ikI3yBqmwpwJF0pS+/IX5DWv+1UFffZIbruP6cnT9/LAJV1gFwAT1A=="
    },
    "@types/lodash": {
      "version": "4.14.194",
      "resolved": "https://registry.npmjs.org/@types/lodash/-/lodash-4.14.194.tgz",
      "integrity": "sha512-r22s9tAS7imvBt2lyHC9B8AGwWnXaYb1tY09oyLkXDs4vArpYJzw09nj8MLx5VfciBPGIb+ZwG0ssYnEPJxn/g=="
    },
    "@types/node": {
      "version": "12.20.55",
      "resolved": "https://registry.npmjs.org/@types/node/-/node-12.20.55.tgz",
      "integrity": "sha512-J8xLz7q2OFulZ2cyGTLE1TbbZcjpno7FaN6zdJNrgAdrJ+DZzh/uFR6YrTb4C+nXakvud8Q4+rbhoIWlYQbUFQ=="
    },
    "@types/semver": {
      "version": "7.3.13",
      "resolved": "https://registry.npmjs.org/@types/semver/-/semver-7.3.13.tgz",
      "integrity": "sha512-21cFJr9z3g5dW8B0CVI9g2O9beqaThGQ6ZFBqHfwhzLDKUxaqTIy3vnfah/UPkfOiF2pLq+tGz+W8RyCskuslw=="
    },
    "@types/uuid": {
      "version": "8.3.4",
      "resolved": "https://registry.npmjs.org/@types/uuid/-/uuid-8.3.4.tgz",
      "integrity": "sha512-c/I8ZRb51j+pYGAu5CrFMRxqZ2ke4y2grEBO5AUjgSkSk+qT2Ea+OdWElz/OiMf5MNpn2b17kuVBwZLQJXzihw=="
    },
    "abortcontroller-polyfill": {
      "version": "1.7.5",
      "resolved": "https://registry.npmjs.org/abortcontroller-polyfill/-/abortcontroller-polyfill-1.7.5.tgz",
      "integrity": "sha512-JMJ5soJWP18htbbxJjG7bG6yuI6pRhgJ0scHHTfkUjf6wjP912xZWvM+A4sJK3gqd9E8fcPbDnOefbA9Th/FIQ=="
    },
    "argparse": {
      "version": "1.0.10",
      "resolved": "https://registry.npmjs.org/argparse/-/argparse-1.0.10.tgz",
      "integrity": "sha512-o5Roy6tNG4SL/FOkCAN6RzjiakZS25RLYFrcMttJqbdd8BWrnA+fGz57iN5Pb06pvBGvl5gQ0B48dJlslXvoTg==",
      "requires": {
        "sprintf-js": "~1.0.2"
      }
    },
    "arrify": {
      "version": "1.0.1",
      "resolved": "https://registry.npmjs.org/arrify/-/arrify-1.0.1.tgz",
      "integrity": "sha1-iYUI2iIm84DfkEcoRWhJwVAaSw0="
    },
    "balena-auth": {
      "version": "4.1.2",
      "resolved": "https://registry.npmjs.org/balena-auth/-/balena-auth-4.1.2.tgz",
      "integrity": "sha512-F0cnqcm45X2aujClDePH3TOYj/ngz1IepFE9F5A6/QRqPgju1uLlMgplnUahgZK+wpPhuegn+ke3wvjzWU7vSQ==",
      "requires": {
        "@types/jwt-decode": "^2.2.1",
        "balena-errors": "^4.7.1",
        "balena-settings-storage": "^7.0.0",
        "jwt-decode": "^2.2.0",
        "tslib": "^2.0.0"
      }
    },
    "balena-errors": {
      "version": "4.7.3",
      "resolved": "https://registry.npmjs.org/balena-errors/-/balena-errors-4.7.3.tgz",
      "integrity": "sha512-9PvKEtPUsoDm6qVGtb6ikdVc3yd3t82TJBIC4foQSnyHCCCAj18BBVIYfq+zkPw4kdhPOULgPyBpxQb4J2fIuQ==",
      "requires": {
        "tslib": "^2.0.0",
        "typed-error": "^3.0.0"
      }
    },
    "balena-hup-action-utils": {
      "version": "4.1.3",
      "resolved": "https://registry.npmjs.org/balena-hup-action-utils/-/balena-hup-action-utils-4.1.3.tgz",
      "integrity": "sha512-98SK5oTPgTKWsbEmPk0juI/ivT5qADsj/y+/B39I47lbDfPuhF/kHpgMI+xQCtT/GS+Dy3omkgY4nEcRI4CeoQ==",
      "requires": {
        "balena-semver": "^2.0.0",
        "tslib": "^2.0.0"
      }
    },
    "balena-register-device": {
      "version": "8.0.4",
      "resolved": "https://registry.npmjs.org/balena-register-device/-/balena-register-device-8.0.4.tgz",
      "integrity": "sha512-4ziyefKEkdrzerwrrdEGq3hvY8wbzm+0iH3F+ZJAIVgxpYELfudNXQj8GJXHWzclUNbdBun7G5yiYpmdLs5G+g==",
      "requires": {
        "@types/uuid": "^8.3.0",
        "tslib": "^2.2.0",
        "typed-error": "^3.2.1",
        "uuid": "^9.0.0"
      }
    },
    "balena-request": {
      "version": "11.5.10",
      "resolved": "https://registry.npmjs.org/balena-request/-/balena-request-11.5.10.tgz",
      "integrity": "sha512-/LExPk60rb1Q89onMgJxUsHrGHtJ/JZHGzz2fOgtZompplwxqnXtleteuNQwoh+5t+tRGlwSgYGxnWFg/B1mRw==",
      "requires": {
        "@balena/node-web-streams": "^0.2.3",
        "balena-errors": "^4.7.3",
        "fetch-ponyfill": "^7.1.0",
        "fetch-readablestream": "^0.2.0",
        "progress-stream": "^2.0.0",
        "qs": "^6.9.4",
        "tslib": "^2.0.0"
      }
    },
    "balena-sdk": {
      "version": "16.44.0",
      "resolved": "https://registry.npmjs.org/balena-sdk/-/balena-sdk-16.44.0.tgz",
      "integrity": "sha512-Tn5kWYTVaaNVs4VKvoZ0ZkERVy5KX5Dcqcp3umBmUaIc3E4VckainZHzx/d+6H0b8KKe8a5lWj4CYEVOEpUyDA==",
      "requires": {
        "@balena/es-version": "^1.0.0",
        "@types/json-schema": "^7.0.9",
        "@types/node": "^12.20.50",
        "abortcontroller-polyfill": "^1.7.1",
        "balena-auth": "^4.1.0",
        "balena-errors": "^4.7.3",
        "balena-hup-action-utils": "~4.1.0",
        "balena-register-device": "^8.0.0",
        "balena-request": "^11.5.5",
        "balena-semver": "^2.3.0",
        "balena-settings-client": "^4.0.6",
        "date-fns": "^2.29.3",
        "handlebars": "^4.7.7",
        "lodash": "^4.17.21",
        "memoizee": "^0.4.15",
        "ndjson": "^2.0.0",
        "pinejs-client-core": "^6.12.0",
        "tslib": "^2.1.0"
      }
    },
    "balena-semver": {
      "version": "2.3.2",
      "resolved": "https://registry.npmjs.org/balena-semver/-/balena-semver-2.3.2.tgz",
      "integrity": "sha512-/Jjf6emcDRds1zqr40cP90JDKai5AHNn5CRLwOrs9ix7Lk4P+aU9GBeIbSvtORAkILE8R75v7y6y9017jy+4jg==",
      "requires": {
        "@types/lodash": "^4.14.149",
        "@types/semver": "^7.1.0",
        "lodash": "^4.17.15",
        "semver": "^7.1.3"
      }
    },
    "balena-settings-client": {
      "version": "4.0.7",
      "resolved": "https://registry.npmjs.org/balena-settings-client/-/balena-settings-client-4.0.7.tgz",
      "integrity": "sha512-1ncEgufbAbzcfcffsTpi20asNdsOEZxACiQhv8naQp1mgw6INe/0FvSNX6St+XlXtuk1FqCnYNINGIjMoStOrA==",
      "requires": {
        "@resin.io/types-hidepath": "1.0.1",
        "@resin.io/types-home-or-tmp": "3.0.0",
        "@types/js-yaml": "3.11.1",
        "@types/lodash": "^4.14.150",
        "hidepath": "^1.0.0",
        "home-or-tmp": "^2.0.0",
        "js-yaml": "^3.4.0",
        "lodash": "^4.17.15"
      }
    },
    "balena-settings-storage": {
      "version": "7.0.2",
      "resolved": "https://registry.npmjs.org/balena-settings-storage/-/balena-settings-storage-7.0.2.tgz",
      "integrity": "sha512-ONfDQIO5hkhocBAvNi5HrFb9Ykz32JEzA5JVMr4vTOjwVFUszu2DEEuxKwy2VSQsNtcCFspwnkzWWfMTlrUCXg==",
      "requires": {
        "@types/node": "^10.17.26",
        "balena-errors": "^4.7.3",
        "tslib": "^2.0.0"
      },
      "dependencies": {
        "@types/node": {
          "version": "10.17.60",
          "resolved": "https://registry.npmjs.org/@types/node/-/node-10.17.60.tgz",
          "integrity": "sha512-F0KIgDJfy2nA3zMLmWGKxcH2ZVEtCZXHHdOQs2gSaQ27+lNeEfGxzkIw90aXswATX7AZ33tahPbzy6KAfUreVw=="
        }
      }
    },
    "buffer-from": {
      "version": "1.1.1",
      "resolved": "https://registry.npmjs.org/buffer-from/-/buffer-from-1.1.1.tgz",
      "integrity": "sha512-MQcXEUbCKtEo7bhqEs6560Hyd4XaovZlO/k9V3hjVUF/zwW7KBVdSK4gIt/bzwS9MbR5qob+F5jusZsb0YQK2A=="
    },
    "call-bind": {
      "version": "1.0.2",
      "resolved": "https://registry.npmjs.org/call-bind/-/call-bind-1.0.2.tgz",
      "integrity": "sha512-7O+FbCihrB5WGbFYesctwmTKae6rOiIzmz1icreWJ+0aA7LJfuqhEso2T9ncpcFtzMQtzXf2QGGueWJGTYsqrA==",
      "requires": {
        "function-bind": "^1.1.1",
        "get-intrinsic": "^1.0.2"
      }
    },
    "core-util-is": {
      "version": "1.0.3",
      "resolved": "https://registry.npmjs.org/core-util-is/-/core-util-is-1.0.3.tgz",
      "integrity": "sha512-ZQBvi1DcpJ4GDqanjucZ2Hj3wEO5pZDS89BWbkcrvdxksJorwUDDZamX9ldFkp9aw2lmBDLgkObEA4DWNJ9FYQ=="
    },
    "d": {
      "version": "1.0.1",
      "resolved": "https://registry.npmjs.org/d/-/d-1.0.1.tgz",
      "integrity": "sha512-m62ShEObQ39CfralilEQRjH6oAMtNCV1xJyEx5LpRYUVN+EviphDgUc/F3hnYbADmkiNs67Y+3ylmlG7Lnu+FA==",
      "requires": {
        "es5-ext": "^0.10.50",
        "type": "^1.0.1"
      }
    },
    "date-fns": {
      "version": "2.30.0",
      "resolved": "https://registry.npmjs.org/date-fns/-/date-fns-2.30.0.tgz",
      "integrity": "sha512-fnULvOpxnC5/Vg3NCiWelDsLiUc9bRwAPs/+LfTLNvetFCtCTN+yQz15C/fs4AwX1R9K5GLtLfn8QW+dWisaAw==",
      "requires": {
        "@babel/runtime": "^7.21.0"
      }
    },
    "diff": {
      "version": "3.5.0",
      "resolved": "https://registry.npmjs.org/diff/-/diff-3.5.0.tgz",
      "integrity": "sha512-A46qtFgd+g7pDZinpnwiRJtxbC1hpgf0uzP3iG89scHk0AUC7A1TGxf5OiiOUv/JMZR8GOt8hL900hV0bOy5xA=="
    },
    "es5-ext": {
      "version": "0.10.62",
      "resolved": "https://registry.npmjs.org/es5-ext/-/es5-ext-0.10.62.tgz",
      "integrity": "sha512-BHLqn0klhEpnOKSrzn/Xsz2UIW8j+cGmo9JLzr8BiUapV8hPL9+FliFqjwr9ngW7jWdnxv6eO+/LqyhJVqgrjA==",
      "requires": {
        "es6-iterator": "^2.0.3",
        "es6-symbol": "^3.1.3",
        "next-tick": "^1.1.0"
      }
    },
    "es6-iterator": {
      "version": "2.0.3",
      "resolved": "https://registry.npmjs.org/es6-iterator/-/es6-iterator-2.0.3.tgz",
      "integrity": "sha512-zw4SRzoUkd+cl+ZoE15A9o1oQd920Bb0iOJMQkQhl3jNc03YqVjAhG7scf9C5KWRU/R13Orf588uCC6525o02g==",
      "requires": {
        "d": "1",
        "es5-ext": "^0.10.35",
        "es6-symbol": "^3.1.1"
      }
    },
    "es6-symbol": {
      "version": "3.1.3",
      "resolved": "https://registry.npmjs.org/es6-symbol/-/es6-symbol-3.1.3.tgz",
      "integrity": "sha512-NJ6Yn3FuDinBaBRWl/q5X/s4koRHBrgKAu+yGI6JCBeiu3qrcbJhwT2GeR/EXVfylRk8dpQVJoLEFhK+Mu31NA==",
      "requires": {
        "d": "^1.0.1",
        "ext": "^1.1.2"
      }
    },
    "es6-weak-map": {
      "version": "2.0.3",
      "resolved": "https://registry.npmjs.org/es6-weak-map/-/es6-weak-map-2.0.3.tgz",
      "integrity": "sha512-p5um32HOTO1kP+w7PRnB+5lQ43Z6muuMuIMffvDN8ZB4GcnjLBV6zGStpbASIMk4DCAvEaamhe2zhyCb/QXXsA==",
      "requires": {
        "d": "1",
        "es5-ext": "^0.10.46",
        "es6-iterator": "^2.0.3",
        "es6-symbol": "^3.1.1"
      }
    },
    "esprima": {
      "version": "4.0.1",
      "resolved": "https://registry.npmjs.org/esprima/-/esprima-4.0.1.tgz",
      "integrity": "sha512-eGuFFw7Upda+g4p+QHvnW0RyTX/SVeJBDM/gCtMARO0cLuT2HcEKnTPvhjV6aGeqrCB/sbNop0Kszm0jsaWU4A=="
    },
    "event-emitter": {
      "version": "0.3.5",
      "resolved": "https://registry.npmjs.org/event-emitter/-/event-emitter-0.3.5.tgz",
      "integrity": "sha512-D9rRn9y7kLPnJ+hMq7S/nhvoKwwvVJahBi2BPmx3bvbsEdK3W9ii8cBSGjP+72/LnM4n6fo3+dkCX5FeTQruXA==",
      "requires": {
        "d": "1",
        "es5-ext": "~0.10.14"
      }
    },
    "ext": {
      "version": "1.7.0",
      "resolved": "https://registry.npmjs.org/ext/-/ext-1.7.0.tgz",
      "integrity": "sha512-6hxeJYaL110a9b5TEJSj0gojyHQAmA2ch5Os+ySCiA1QGdS697XWY1pzsrSjqA9LDEEgdB/KypIlR59RcLuHYw==",
      "requires": {
        "type": "^2.7.2"
      },
      "dependencies": {
        "type": {
          "version": "2.7.2",
          "resolved": "https://registry.npmjs.org/type/-/type-2.7.2.tgz",
          "integrity": "sha512-dzlvlNlt6AXU7EBSfpAscydQ7gXB+pPGsPnfJnZpiNJBDj7IaJzQlBZYGdEi4R9HmPdBv2XmWJ6YUtoTa7lmCw=="
        }
      }
    },
    "fetch-ponyfill": {
      "version": "7.1.0",
      "resolved": "https://registry.npmjs.org/fetch-ponyfill/-/fetch-ponyfill-7.1.0.tgz",
      "integrity": "sha512-FhbbL55dj/qdVO3YNK7ZEkshvj3eQ7EuIGV2I6ic/2YiocvyWv+7jg2s4AyS0wdRU75s3tA8ZxI/xPigb0v5Aw==",
      "requires": {
        "node-fetch": "~2.6.1"
      }
    },
    "fetch-readablestream": {
      "version": "0.2.0",
      "resolved": "https://registry.npmjs.org/fetch-readablestream/-/fetch-readablestream-0.2.0.tgz",
      "integrity": "sha512-qu4mXWf4wus4idBIN/kVH+XSer8IZ9CwHP+Pd7DL7TuKNC1hP7ykon4kkBjwJF3EMX2WsFp4hH7gU7CyL7ucXw=="
    },
    "function-bind": {
      "version": "1.1.1",
      "resolved": "https://registry.npmjs.org/function-bind/-/function-bind-1.1.1.tgz",
      "integrity": "sha512-yIovAzMX49sF8Yl58fSCWJ5svSLuaibPxXQJFLmBObTuCr0Mf1KiPopGM9NiFjiYBCbfaa2Fh6breQ6ANVTI0A=="
    },
    "get-intrinsic": {
      "version": "1.2.0",
      "resolved": "https://registry.npmjs.org/get-intrinsic/-/get-intrinsic-1.2.0.tgz",
      "integrity": "sha512-L049y6nFOuom5wGyRc3/gdTLO94dySVKRACj1RmJZBQXlbTMhtNIgkWkUHq+jYmZvKf14EW1EoJnnjbmoHij0Q==",
      "requires": {
        "function-bind": "^1.1.1",
        "has": "^1.0.3",
        "has-symbols": "^1.0.3"
      }
    },
    "handlebars": {
      "version": "4.7.7",
      "resolved": "https://registry.npmjs.org/handlebars/-/handlebars-4.7.7.tgz",
      "integrity": "sha512-aAcXm5OAfE/8IXkcZvCepKU3VzW1/39Fb5ZuqMtgI/hT8X2YgoMvBY5dLhq/cpOvw7Lk1nK/UF71aLG/ZnVYRA==",
      "requires": {
        "minimist": "^1.2.5",
        "neo-async": "^2.6.0",
        "source-map": "^0.6.1",
        "uglify-js": "^3.1.4",
        "wordwrap": "^1.0.0"
      },
      "dependencies": {
        "minimist": {
          "version": "1.2.8",
          "resolved": "https://registry.npmjs.org/minimist/-/minimist-1.2.8.tgz",
          "integrity": "sha512-2yyAR8qBkN3YuheJanUpWC5U3bb5osDywNB8RzDVlDwDHbocAJveqqj1u8+SVD7jkWT4yvsHCpWqqWqAxb0zCA=="
        }
      }
    },
    "has": {
      "version": "1.0.3",
      "resolved": "https://registry.npmjs.org/has/-/has-1.0.3.tgz",
      "integrity": "sha512-f2dvO0VU6Oej7RkWJGrehjbzMAjFp5/VKPp5tTpWIV4JHHZK1/BxbFRtf/siA2SWTe09caDmVtYYzWEIbBS4zw==",
      "requires": {
        "function-bind": "^1.1.1"
      }
    },
    "has-symbols": {
      "version": "1.0.3",
      "resolved": "https://registry.npmjs.org/has-symbols/-/has-symbols-1.0.3.tgz",
      "integrity": "sha512-l3LCuF6MgDNwTDKkdYGEihYjt5pRPbEg46rtlmnSPlUbgmB8LOIrKJbYYFBSbnPaJexMKtiPO8hmeRjRz2Td+A=="
    },
    "hidepath": {
      "version": "1.0.1",
      "resolved": "https://registry.npmjs.org/hidepath/-/hidepath-1.0.1.tgz",
      "integrity": "sha512-W8yn8lYe9mC5dN4mhjhjvuDHxLfstKFm2LK1WnBlZF0LJ//FL9I0W/U9gJS7RGLJrGW9+STV6lcijq3t/jJXpw=="
    },
    "home-or-tmp": {
      "version": "2.0.0",
      "resolved": "https://registry.npmjs.org/home-or-tmp/-/home-or-tmp-2.0.0.tgz",
      "integrity": "sha512-ycURW7oUxE2sNiPVw1HVEFsW+ecOpJ5zaj7eC0RlwhibhRBod20muUN8qu/gzx956YrLolVvs1MTXwKgC2rVEg==",
      "requires": {
        "os-homedir": "^1.0.0",
        "os-tmpdir": "^1.0.1"
      }
    },
    "inherits": {
      "version": "2.0.4",
      "resolved": "https://registry.npmjs.org/inherits/-/inherits-2.0.4.tgz",
      "integrity": "sha512-k/vGaX4/Yla3WzyMCvTQOXYeIHvqOKtnqBduzTHpzpQZzAskKMhZ2K+EnBiSM9zGSoIFeMpXKxa4dYeZIQqewQ=="
    },
    "is-promise": {
      "version": "2.2.2",
      "resolved": "https://registry.npmjs.org/is-promise/-/is-promise-2.2.2.tgz",
      "integrity": "sha512-+lP4/6lKUBfQjZ2pdxThZvLUAafmZb8OAxFb8XXtiQmS35INgr85hdOGoEs124ez1FCnZJt6jau/T+alh58QFQ=="
    },
    "is-stream": {
      "version": "1.1.0",
      "resolved": "https://registry.npmjs.org/is-stream/-/is-stream-1.1.0.tgz",
      "integrity": "sha512-uQPm8kcs47jx38atAcWTVxyltQYoPT68y9aWYdV6yWXSyW8mzSat0TL6CiWdZeCdF3KrAvpVtnHbTv4RN+rqdQ=="
    },
    "isarray": {
      "version": "1.0.0",
      "resolved": "https://registry.npmjs.org/isarray/-/isarray-1.0.0.tgz",
      "integrity": "sha512-VLghIWNM6ELQzo7zwmcg0NmTVyWKYjvIeM83yjp0wRDTmUnrM678fQbcKBo6n2CJEF0szoG//ytg+TKla89ALQ=="
    },
    "js-yaml": {
      "version": "3.14.1",
      "resolved": "https://registry.npmjs.org/js-yaml/-/js-yaml-3.14.1.tgz",
      "integrity": "sha512-okMH7OXXJ7YrN9Ok3/SXrnu4iX9yOk+25nqX4imS2npuvTYDmo/QEZoqwZkYaIDk3jVvBOTOIEgEhaLOynBS9g==",
      "requires": {
        "argparse": "^1.0.7",
        "esprima": "^4.0.0"
      }
    },
    "json-stringify-safe": {
      "version": "5.0.1",
      "resolved": "https://registry.npmjs.org/json-stringify-safe/-/json-stringify-safe-5.0.1.tgz",
      "integrity": "sha512-ZClg6AaYvamvYEE82d3Iyd3vSSIjQ+odgjaTzRuO3s7toCdFKczob2i0zCh7JE8kWn17yvAWhUVxvqGwUalsRA=="
    },
    "jwt-decode": {
      "version": "2.2.0",
      "resolved": "https://registry.npmjs.org/jwt-decode/-/jwt-decode-2.2.0.tgz",
      "integrity": "sha512-86GgN2vzfUu7m9Wcj63iUkuDzFNYFVmjeDm2GzWpUk+opB0pEpMsw6ePCMrhYkumz2C1ihqtZzOMAg7FiXcNoQ=="
    },
    "lodash": {
      "version": "4.17.21",
      "resolved": "https://registry.npmjs.org/lodash/-/lodash-4.17.21.tgz",
      "integrity": "sha512-v2kDEe57lecTulaDIuNTPy3Ry4gLGJ6Z1O3vE1krgXZNrsQ+LFTGHVxVjcXPs17LhbZVGedAJv8XZ1tvj5FvSg=="
    },
    "lru-cache": {
      "version": "6.0.0",
      "resolved": "https://registry.npmjs.org/lru-cache/-/lru-cache-6.0.0.tgz",
      "integrity": "sha512-Jo6dJ04CmSjuznwJSS3pUeWmd/H0ffTlkXXgwZi+eq1UCmqQwCh+eLsYOYCwY991i2Fah4h1BEMCx4qThGbsiA==",
      "requires": {
        "yallist": "^4.0.0"
      }
    },
    "lru-queue": {
      "version": "0.1.0",
      "resolved": "https://registry.npmjs.org/lru-queue/-/lru-queue-0.1.0.tgz",
      "integrity": "sha512-BpdYkt9EvGl8OfWHDQPISVpcl5xZthb+XPsbELj5AQXxIC8IriDZIQYjBJPEm5rS420sjZ0TLEzRcq5KdBhYrQ==",
      "requires": {
        "es5-ext": "~0.10.2"
      }
    },
    "make-error": {
      "version": "1.3.5",
      "resolved": "https://registry.npmjs.org/make-error/-/make-error-1.3.5.tgz",
      "integrity": "sha512-c3sIjNUow0+8swNwVpqoH4YCShKNFkMaw6oH1mNS2haDZQqkeZFlHS3dhoeEbKKmJB4vXpJucU6oH75aDYeE9g=="
    },
    "memoizee": {
      "version": "0.4.15",
      "resolved": "https://registry.npmjs.org/memoizee/-/memoizee-0.4.15.tgz",
      "integrity": "sha512-UBWmJpLZd5STPm7PMUlOw/TSy972M+z8gcyQ5veOnSDRREz/0bmpyTfKt3/51DhEBqCZQn1udM/5flcSPYhkdQ==",
      "requires": {
        "d": "^1.0.1",
        "es5-ext": "^0.10.53",
        "es6-weak-map": "^2.0.3",
        "event-emitter": "^0.3.5",
        "is-promise": "^2.2.2",
        "lru-queue": "^0.1.0",
        "next-tick": "^1.1.0",
        "timers-ext": "^0.1.7"
      }
    },
    "minimist": {
      "version": "1.2.0",
      "resolved": "https://registry.npmjs.org/minimist/-/minimist-1.2.0.tgz",
      "integrity": "sha1-o1AIsg9BOD7sH7kU9M1d95omQoQ="
    },
    "mkdirp": {
      "version": "0.5.1",
      "resolved": "https://registry.npmjs.org/mkdirp/-/mkdirp-0.5.1.tgz",
      "integrity": "sha1-MAV0OOrGz3+MR2fzhkjWaX11yQM=",
      "requires": {
        "minimist": "0.0.8"
      },
      "dependencies": {
        "minimist": {
          "version": "0.0.8",
          "resolved": "https://registry.npmjs.org/minimist/-/minimist-0.0.8.tgz",
          "integrity": "sha1-hX/Kv8M5fSYluCKCYuhqp6ARsF0="
        }
      }
    },
    "ndjson": {
      "version": "2.0.0",
      "resolved": "https://registry.npmjs.org/ndjson/-/ndjson-2.0.0.tgz",
      "integrity": "sha512-nGl7LRGrzugTtaFcJMhLbpzJM6XdivmbkdlaGcrk/LXg2KL/YBC6z1g70xh0/al+oFuVFP8N8kiWRucmeEH/qQ==",
      "requires": {
        "json-stringify-safe": "^5.0.1",
        "minimist": "^1.2.5",
        "readable-stream": "^3.6.0",
        "split2": "^3.0.0",
        "through2": "^4.0.0"
      },
      "dependencies": {
        "minimist": {
          "version": "1.2.8",
          "resolved": "https://registry.npmjs.org/minimist/-/minimist-1.2.8.tgz",
          "integrity": "sha512-2yyAR8qBkN3YuheJanUpWC5U3bb5osDywNB8RzDVlDwDHbocAJveqqj1u8+SVD7jkWT4yvsHCpWqqWqAxb0zCA=="
        },
        "readable-stream": {
          "version": "3.6.2",
          "resolved": "https://registry.npmjs.org/readable-stream/-/readable-stream-3.6.2.tgz",
          "integrity": "sha512-9u/sniCrY3D5WdsERHzHE4G2YCXqoG5FTHUiCC4SIbr6XcLZBY05ya9EKjYek9O5xOAwjGq+1JdGBAS7Q9ScoA==",
          "requires": {
            "inherits": "^2.0.3",
            "string_decoder": "^1.1.1",
            "util-deprecate": "^1.0.1"
          }
        },
        "through2": {
          "version": "4.0.2",
          "resolved": "https://registry.npmjs.org/through2/-/through2-4.0.2.tgz",
          "integrity": "sha512-iOqSav00cVxEEICeD7TjLB1sueEL+81Wpzp2bY17uZjZN0pWZPuo4suZ/61VujxmqSGFfgOcNuTZ85QJwNZQpw==",
          "requires": {
            "readable-stream": "3"
          }
        }
      }
    },
    "neo-async": {
      "version": "2.6.2",
      "resolved": "https://registry.npmjs.org/neo-async/-/neo-async-2.6.2.tgz",
      "integrity": "sha512-Yd3UES5mWCSqR+qNT93S3UoYUkqAZ9lLg8a7g9rimsWmYGK8cVToA4/sF3RrshdyV3sAGMXVUmpMYOw+dLpOuw=="
    },
    "next-tick": {
      "version": "1.1.0",
      "resolved": "https://registry.npmjs.org/next-tick/-/next-tick-1.1.0.tgz",
      "integrity": "sha512-CXdUiJembsNjuToQvxayPZF9Vqht7hewsvy2sOWafLvi2awflj9mOC6bHIg50orX8IJvWKY9wYQ/zB2kogPslQ=="
    },
    "node-fetch": {
      "version": "2.6.9",
      "resolved": "https://registry.npmjs.org/node-fetch/-/node-fetch-2.6.9.tgz",
      "integrity": "sha512-DJm/CJkZkRjKKj4Zi4BsKVZh3ValV5IR5s7LVZnW+6YMh0W1BfNA8XSs6DLMGYlId5F3KnA70uu2qepcR08Qqg==",
      "requires": {
        "whatwg-url": "^5.0.0"
      }
    },
    "object-inspect": {
      "version": "1.12.3",
      "resolved": "https://registry.npmjs.org/object-inspect/-/object-inspect-1.12.3.tgz",
      "integrity": "sha512-geUvdk7c+eizMNUDkRpW1wJwgfOiOeHbxBR/hLXK1aT6zmVSO0jsQcs7fj6MGw89jC/cjGfLcNOrtMYtGqm81g=="
    },
    "os-homedir": {
      "version": "1.0.2",
      "resolved": "https://registry.npmjs.org/os-homedir/-/os-homedir-1.0.2.tgz",
      "integrity": "sha512-B5JU3cabzk8c67mRRd3ECmROafjYMXbuzlwtqdM8IbS8ktlTix8aFGb2bAGKrSRIlnfKwovGUUr72JUPyOb6kQ=="
    },
    "os-tmpdir": {
      "version": "1.0.2",
      "resolved": "https://registry.npmjs.org/os-tmpdir/-/os-tmpdir-1.0.2.tgz",
      "integrity": "sha512-D2FR03Vir7FIu45XBY20mTb+/ZSWB00sjU9jdQXt83gDrI4Ztz5Fs7/yy74g2N5SVQY4xY1qDr4rNddwYRVX0g=="
    },
    "pinejs-client-core": {
      "version": "6.12.3",
      "resolved": "https://registry.npmjs.org/pinejs-client-core/-/pinejs-client-core-6.12.3.tgz",
      "integrity": "sha512-Qg9TbiaUlKDqcWCE6ARFFzOvNnJnBmovPifeyhV7ybYVDDpd8WAGrItQSJkOjuk4ZSwcaYMcHJ+FNatBUAnGWw==",
      "requires": {
        "@balena/es-version": "^1.0.1"
      }
    },
    "process-nextick-args": {
      "version": "2.0.1",
      "resolved": "https://registry.npmjs.org/process-nextick-args/-/process-nextick-args-2.0.1.tgz",
      "integrity": "sha512-3ouUOpQhtgrbOa17J7+uxOTpITYWaGP7/AhoR3+A+/1e9skrzelGi/dXzEYyvbxubEF6Wn2ypscTKiKJFFn1ag=="
    },
    "progress-stream": {
      "version": "2.0.0",
      "resolved": "https://registry.npmjs.org/progress-stream/-/progress-stream-2.0.0.tgz",
      "integrity": "sha512-xJwOWR46jcXUq6EH9yYyqp+I52skPySOeHfkxOZ2IY1AiBi/sFJhbhAKHoV3OTw/omQ45KTio9215dRJ2Yxd3Q==",
      "requires": {
        "speedometer": "~1.0.0",
        "through2": "~2.0.3"
      }
    },
    "qs": {
      "version": "6.11.1",
      "resolved": "https://registry.npmjs.org/qs/-/qs-6.11.1.tgz",
      "integrity": "sha512-0wsrzgTz/kAVIeuxSjnpGC56rzYtr6JT/2BwEvMaPhFIoYa1aGO8LbzuU1R0uUYQkLpWBTOj0l/CLAJB64J6nQ==",
      "requires": {
        "side-channel": "^1.0.4"
      }
    },
    "readable-stream": {
      "version": "2.3.8",
      "resolved": "https://registry.npmjs.org/readable-stream/-/readable-stream-2.3.8.tgz",
      "integrity": "sha512-8p0AUk4XODgIewSi0l8Epjs+EVnWiK7NoDIEGU0HhE7+ZyY8D1IMY7odu5lRrFXGg71L15KG8QrPmum45RTtdA==",
      "requires": {
        "core-util-is": "~1.0.0",
        "inherits": "~2.0.3",
        "isarray": "~1.0.0",
        "process-nextick-args": "~2.0.0",
        "safe-buffer": "~5.1.1",
        "string_decoder": "~1.1.1",
        "util-deprecate": "~1.0.1"
      }
    },
    "regenerator-runtime": {
      "version": "0.13.11",
      "resolved": "https://registry.npmjs.org/regenerator-runtime/-/regenerator-runtime-0.13.11.tgz",
      "integrity": "sha512-kY1AZVr2Ra+t+piVaJ4gxaFaReZVH40AKNo7UCX6W+dEwBo/2oZJzqfuN1qLq1oL45o56cPaTXELwrTh8Fpggg=="
    },
    "safe-buffer": {
      "version": "5.1.2",
      "resolved": "https://registry.npmjs.org/safe-buffer/-/safe-buffer-5.1.2.tgz",
      "integrity": "sha512-Gd2UZBJDkXlY7GbJxfsE8/nvKkUEU1G38c1siN6QP6a9PT9MmHB8GnpscSmMJSoF8LOIrt8ud/wPtojys4G6+g=="
    },
    "semver": {
      "version": "7.5.0",
      "resolved": "https://registry.npmjs.org/semver/-/semver-7.5.0.tgz",
      "integrity": "sha512-+XC0AD/R7Q2mPSRuy2Id0+CGTZ98+8f+KvwirxOKIEyid+XSx6HbC63p+O4IndTHuX5Z+JxQ0TghCkO5Cg/2HA==",
      "requires": {
        "lru-cache": "^6.0.0"
      }
    },
    "side-channel": {
      "version": "1.0.4",
      "resolved": "https://registry.npmjs.org/side-channel/-/side-channel-1.0.4.tgz",
      "integrity": "sha512-q5XPytqFEIKHkGdiMIrY10mvLRvnQh42/+GoBlFW3b2LXLE2xxJpZFdm94we0BaoV3RwJyGqg5wS7epxTv0Zvw==",
      "requires": {
        "call-bind": "^1.0.0",
        "get-intrinsic": "^1.0.2",
        "object-inspect": "^1.9.0"
      }
    },
    "source-map": {
      "version": "0.6.1",
      "resolved": "https://registry.npmjs.org/source-map/-/source-map-0.6.1.tgz",
      "integrity": "sha512-UjgapumWlbMhkBgzT7Ykc5YXUT46F0iKu8SGXq0bcwP5dz/h0Plj6enJqjz1Zbq2l5WaqYnrVbwWOWMyF3F47g=="
    },
    "source-map-support": {
      "version": "0.5.10",
      "resolved": "https://registry.npmjs.org/source-map-support/-/source-map-support-0.5.10.tgz",
      "integrity": "sha512-YfQ3tQFTK/yzlGJuX8pTwa4tifQj4QS2Mj7UegOu8jAz59MqIiMGPXxQhVQiIMNzayuUSF/jEuVnfFF5JqybmQ==",
      "requires": {
        "buffer-from": "^1.0.0",
        "source-map": "^0.6.0"
      }
    },
    "speedometer": {
      "version": "1.0.0",
      "resolved": "https://registry.npmjs.org/speedometer/-/speedometer-1.0.0.tgz",
      "integrity": "sha512-lgxErLl/7A5+vgIIXsh9MbeukOaCb2axgQ+bKCdIE+ibNT4XNYGNCR1qFEGq6F+YDASXK3Fh/c5FgtZchFolxw=="
    },
    "split2": {
      "version": "3.2.2",
      "resolved": "https://registry.npmjs.org/split2/-/split2-3.2.2.tgz",
      "integrity": "sha512-9NThjpgZnifTkJpzTZ7Eue85S49QwpNhZTq6GRJwObb6jnLFNGB7Qm73V5HewTROPyxD0C29xqmaI68bQtV+hg==",
      "requires": {
        "readable-stream": "^3.0.0"
      },
      "dependencies": {
        "readable-stream": {
          "version": "3.6.2",
          "resolved": "https://registry.npmjs.org/readable-stream/-/readable-stream-3.6.2.tgz",
          "integrity": "sha512-9u/sniCrY3D5WdsERHzHE4G2YCXqoG5FTHUiCC4SIbr6XcLZBY05ya9EKjYek9O5xOAwjGq+1JdGBAS7Q9ScoA==",
          "requires": {
            "inherits": "^2.0.3",
            "string_decoder": "^1.1.1",
            "util-deprecate": "^1.0.1"
          }
        }
      }
    },
    "sprintf-js": {
      "version": "1.0.3",
      "resolved": "https://registry.npmjs.org/sprintf-js/-/sprintf-js-1.0.3.tgz",
      "integrity": "sha512-D9cPgkvLlV3t3IzL0D0YLvGA9Ahk4PcvVwUbN0dSGr1aP0Nrt4AEnTUbuGvquEC0mA64Gqt1fzirlRs5ibXx8g=="
    },
    "string_decoder": {
      "version": "1.1.1",
      "resolved": "https://registry.npmjs.org/string_decoder/-/string_decoder-1.1.1.tgz",
      "integrity": "sha512-n/ShnvDi6FHbbVfviro+WojiFzv+s8MPMHBczVePfUpDJLwoLT0ht1l4YwBCbi8pJAveEEdnkHyPyTP/mzRfwg==",
      "requires": {
        "safe-buffer": "~5.1.0"
      }
    },
    "through2": {
      "version": "2.0.5",
      "resolved": "https://registry.npmjs.org/through2/-/through2-2.0.5.tgz",
      "integrity": "sha512-/mrRod8xqpA+IHSLyGCQ2s8SPHiCDEeQJSep1jqLYeEUClOFG2Qsh+4FU6G9VeqpZnGW/Su8LQGc4YKni5rYSQ==",
      "requires": {
        "readable-stream": "~2.3.6",
        "xtend": "~4.0.1"
      }
    },
    "timers-ext": {
      "version": "0.1.7",
      "resolved": "https://registry.npmjs.org/timers-ext/-/timers-ext-0.1.7.tgz",
      "integrity": "sha512-b85NUNzTSdodShTIbky6ZF02e8STtVVfD+fu4aXXShEELpozH+bCpJLYMPZbsABN2wDH7fJpqIoXxJpzbf0NqQ==",
      "requires": {
        "es5-ext": "~0.10.46",
        "next-tick": "1"
      }
    },
    "tr46": {
      "version": "0.0.3",
      "resolved": "https://registry.npmjs.org/tr46/-/tr46-0.0.3.tgz",
      "integrity": "sha512-N3WMsuqV66lT30CrXNbEjx4GEwlow3v6rr4mCcv6prnfwhS01rkgyFdjPNBYd9br7LpXV1+Emh01fHnq2Gdgrw=="
    },
    "ts-node": {
      "version": "7.0.1",
      "resolved": "https://registry.npmjs.org/ts-node/-/ts-node-7.0.1.tgz",
      "integrity": "sha512-BVwVbPJRspzNh2yfslyT1PSbl5uIk03EZlb493RKHN4qej/D06n1cEhjlOJG69oFsE7OT8XjpTUcYf6pKTLMhw==",
      "requires": {
        "arrify": "^1.0.0",
        "buffer-from": "^1.1.0",
        "diff": "^3.1.0",
        "make-error": "^1.1.1",
        "minimist": "^1.2.0",
        "mkdirp": "^0.5.1",
        "source-map-support": "^0.5.6",
        "yn": "^2.0.0"
      }
    },
    "tslib": {
      "version": "2.5.0",
      "resolved": "https://registry.npmjs.org/tslib/-/tslib-2.5.0.tgz",
      "integrity": "sha512-336iVw3rtn2BUK7ORdIAHTyxHGRIHVReokCR3XjbckJMK7ms8FysBfhLR8IXnAgy7T0PTPNBWKiH514FOW/WSg=="
    },
    "type": {
      "version": "1.2.0",
      "resolved": "https://registry.npmjs.org/type/-/type-1.2.0.tgz",
      "integrity": "sha512-+5nt5AAniqsCnu2cEQQdpzCAh33kVx8n0VoFidKpB1dVVLAN/F+bgVOqOJqOnEnrhp222clB5p3vUlD+1QAnfg=="
    },
    "typed-error": {
      "version": "3.2.2",
      "resolved": "https://registry.npmjs.org/typed-error/-/typed-error-3.2.2.tgz",
      "integrity": "sha512-Z48LU67/qJ+vyA7lh3ozELqpTp3pvQoY5RtLi5wQ/UGSrEidBhlVSqhjr8B3iqbGpjqAoJYrtSYXWMDtidWGkA=="
    },
    "typescript": {
      "version": "3.3.3333",
      "resolved": "https://registry.npmjs.org/typescript/-/typescript-3.3.3333.tgz",
      "integrity": "sha512-JjSKsAfuHBE/fB2oZ8NxtRTk5iGcg6hkYXMnZ3Wc+b2RSqejEqTaem11mHASMnFilHrax3sLK0GDzcJrekZYLw=="
    },
    "uglify-js": {
      "version": "3.17.4",
      "resolved": "https://registry.npmjs.org/uglify-js/-/uglify-js-3.17.4.tgz",
      "integrity": "sha512-T9q82TJI9e/C1TAxYvfb16xO120tMVFZrGA3f9/P4424DNu6ypK103y0GPFVa17yotwSyZW5iYXgjYHkGrJW/g==",
      "optional": true
    },
    "util-deprecate": {
      "version": "1.0.2",
      "resolved": "https://registry.npmjs.org/util-deprecate/-/util-deprecate-1.0.2.tgz",
      "integrity": "sha512-EPD5q1uXyFxJpCrLnCc1nHnq3gOa6DZBocAIiI2TaSCA7VCJ1UJDMagCzIkXNsUYfD1daK//LTEQ8xiIbrHtcw=="
    },
    "uuid": {
      "version": "9.0.0",
      "resolved": "https://registry.npmjs.org/uuid/-/uuid-9.0.0.tgz",
      "integrity": "sha512-MXcSTerfPa4uqyzStbRoTgt5XIe3x5+42+q1sDuy3R5MDk66URdLMOZe5aPX/SQd+kuYAh0FdP/pO28IkQyTeg=="
    },
    "web-streams-polyfill": {
      "version": "3.2.1",
      "resolved": "https://registry.npmjs.org/web-streams-polyfill/-/web-streams-polyfill-3.2.1.tgz",
      "integrity": "sha512-e0MO3wdXWKrLbL0DgGnUV7WHVuw9OUvL4hjgnPkIeEvESk74gAITi5G606JtZPp39cd8HA9VQzCIvA49LpPN5Q=="
    },
    "webidl-conversions": {
      "version": "3.0.1",
      "resolved": "https://registry.npmjs.org/webidl-conversions/-/webidl-conversions-3.0.1.tgz",
      "integrity": "sha512-2JAn3z8AR6rjK8Sm8orRC0h/bcl/DqL7tRPdGZ4I1CjdF+EaMLmYxBHyXuKL849eucPFhvBoxMsflfOb8kxaeQ=="
    },
    "whatwg-url": {
      "version": "5.0.0",
      "resolved": "https://registry.npmjs.org/whatwg-url/-/whatwg-url-5.0.0.tgz",
      "integrity": "sha512-saE57nupxk6v3HY35+jzBwYa0rKSy0XR8JSxZPwgLr7ys0IBzhGviA1/TUGJLmSVqs8pb9AnvICXEuOHLprYTw==",
      "requires": {
        "tr46": "~0.0.3",
        "webidl-conversions": "^3.0.0"
      }
    },
    "wordwrap": {
      "version": "1.0.0",
      "resolved": "https://registry.npmjs.org/wordwrap/-/wordwrap-1.0.0.tgz",
      "integrity": "sha512-gvVzJFlPycKc5dZN4yPkP8w7Dc37BtP1yczEneOb4uq34pXZcvrtRTmWV8W+Ume+XCxKgbjM+nevkyFPMybd4Q=="
    },
    "xtend": {
      "version": "4.0.2",
      "resolved": "https://registry.npmjs.org/xtend/-/xtend-4.0.2.tgz",
      "integrity": "sha512-LKYU1iAXJXUgAXn9URjiu+MWhyUXHsvfp7mcuYm9dSUKK0/CjtrUwFAxD82/mCWbtLsGjFIad0wIsod4zrTAEQ=="
    },
    "yallist": {
      "version": "4.0.0",
      "resolved": "https://registry.npmjs.org/yallist/-/yallist-4.0.0.tgz",
      "integrity": "sha512-3wdGidZyq5PB084XLES5TpOSRA3wjXAlIWMhum2kRcv/41Sn2emQ0dycQW4uZXLejwKvg6EsvbdlVL+FYEct7A=="
    },
    "yn": {
      "version": "2.0.0",
      "resolved": "https://registry.npmjs.org/yn/-/yn-2.0.0.tgz",
      "integrity": "sha1-5a2ryKz0CPY4X8dklWhMiOavaJo="
    }
  }
}
